
Microsoft Visual Studio Solution File, Format Version 12.00
# Visual Studio Version 17
VisualStudioVersion = 17.2.32630.192
MinimumVisualStudioVersion = 10.0.40219.1
Project("{9A19103F-16F7-4668-BE54-9A1E7A4F7556}") = "MediQuick.Data", "MediQuick.Data\MediQuick.Data.csproj", "{021FE50E-16BE-4BC5-844D-E33D3A075F68}"
EndProject
Project("{9A19103F-16F7-4668-BE54-9A1E7A4F7556}") = "MediQuick", "MediQuick\MediQuick.csproj", "{1AB5A5E3-4D24-4462-AFFB-A6C9035586B6}"
EndProject
Project("{9A19103F-16F7-4668-BE54-9A1E7A4F7556}") = "MediQuick.Services", "MediQuick.Services\MediQuick.Services.csproj", "{1DA3FD04-C17E-48CA-ACD7-50130EDB7F5C}"
EndProject
Global
	GlobalSection(SolutionConfigurationPlatforms) = preSolution
		Debug|Any CPU = Debug|Any CPU
		Release|Any CPU = Release|Any CPU
	EndGlobalSection
	GlobalSection(ProjectConfigurationPlatforms) = postSolution
		{021FE50E-16BE-4BC5-844D-E33D3A075F68}.Debug|Any CPU.ActiveCfg = Debug|Any CPU
		{021FE50E-16BE-4BC5-844D-E33D3A075F68}.Debug|Any CPU.Build.0 = Debug|Any CPU
		{021FE50E-16BE-4BC5-844D-E33D3A075F68}.Release|Any CPU.ActiveCfg = Release|Any CPU
		{021FE50E-16BE-4BC5-844D-E33D3A075F68}.Release|Any CPU.Build.0 = Release|Any CPU
		{1AB5A5E3-4D24-4462-AFFB-A6C9035586B6}.Debug|Any CPU.ActiveCfg = Debug|Any CPU
		{1AB5A5E3-4D24-4462-AFFB-A6C9035586B6}.Debug|Any CPU.Build.0 = Debug|Any CPU
		{1AB5A5E3-4D24-4462-AFFB-A6C9035586B6}.Release|Any CPU.ActiveCfg = Release|Any CPU
		{1AB5A5E3-4D24-4462-AFFB-A6C9035586B6}.Release|Any CPU.Build.0 = Release|Any CPU
		{1DA3FD04-C17E-48CA-ACD7-50130EDB7F5C}.Debug|Any CPU.ActiveCfg = Debug|Any CPU
		{1DA3FD04-C17E-48CA-ACD7-50130EDB7F5C}.Debug|Any CPU.Build.0 = Debug|Any CPU
		{1DA3FD04-C17E-48CA-ACD7-50130EDB7F5C}.Release|Any CPU.ActiveCfg = Release|Any CPU
		{1DA3FD04-C17E-48CA-ACD7-50130EDB7F5C}.Release|Any CPU.Build.0 = Release|Any CPU
	EndGlobalSection
	GlobalSection(SolutionProperties) = preSolution
		HideSolutionNode = FALSE
	EndGlobalSection
	GlobalSection(ExtensibilityGlobals) = postSolution
		SolutionGuid = {AA0CBD27-309F-4CE3-A1D9-8F5333A8C257}
	EndGlobalSection
EndGlobal
